
Microsoft Visual Studio Solution File, Format Version 12.00
# Visual Studio Version 17
VisualStudioVersion = 17.10.34928.147
MinimumVisualStudioVersion = 10.0.40219.1
Project("{FAE04EC0-301F-11D3-BF4B-00C04F79EFBC}") = "GraphicsApp", "GraphicsApp\GraphicsApp.csproj", "{0B984B78-63D1-49A8-B77D-22B4C1195729}"
EndProject
Global
	GlobalSection(SolutionConfigurationPlatforms) = preSolution
		Debug|Any CPU = Debug|Any CPU
		Release|Any CPU = Release|Any CPU
	EndGlobalSection
	GlobalSection(ProjectConfigurationPlatforms) = postSolution
		{0B984B78-63D1-49A8-B77D-22B4C1195729}.Debug|Any CPU.ActiveCfg = Debug|Any CPU
		{0B984B78-63D1-49A8-B77D-22B4C1195729}.Debug|Any CPU.Build.0 = Debug|Any CPU
		{0B984B78-63D1-49A8-B77D-22B4C1195729}.Release|Any CPU.ActiveCfg = Release|Any CPU
		{0B984B78-63D1-49A8-B77D-22B4C1195729}.Release|Any CPU.Build.0 = Release|Any CPU
	EndGlobalSection
	GlobalSection(SolutionProperties) = preSolution
		HideSolutionNode = FALSE
	EndGlobalSection
	GlobalSection(ExtensibilityGlobals) = postSolution
		SolutionGuid = {80065DFD-8B64-4623-AE97-34182505C681}
	EndGlobalSection
EndGlobal
